// !$*UTF8*$!
{
	archiveVersion = 1;
	classes = {
	};
	objectVersion = 56;
	objects = {

/* Begin PBXBuildFile section */
		BDCB655B2A7BEC85009C037D /* NewsPageFinalApp.swift in Sources */ = {isa = PBXBuildFile; fileRef = BDCB655A2A7BEC85009C037D /* NewsPageFinalApp.swift */; };
		BDCB655D2A7BEC85009C037D /* ContentView.swift in Sources */ = {isa = PBXBuildFile; fileRef = BDCB655C2A7BEC85009C037D /* ContentView.swift */; };
		BDCB655F2A7BEC86009C037D /* Assets.xcassets in Resources */ = {isa = PBXBuildFile; fileRef = BDCB655E2A7BEC86009C037D /* Assets.xcassets */; };
		BDCB65622A7BEC86009C037D /* Preview Assets.xcassets in Resources */ = {isa = PBXBuildFile; fileRef = BDCB65612A7BEC86009C037D /* Preview Assets.xcassets */; };
		BDCB656C2A7BEC86009C037D /* NewsPageFinalTests.swift in Sources */ = {isa = PBXBuildFile; fileRef = BDCB656B2A7BEC86009C037D /* NewsPageFinalTests.swift */; };
		BDCB65762A7BEC87009C037D /* NewsPageFinalUITests.swift in Sources */ = {isa = PBXBuildFile; fileRef = BDCB65752A7BEC87009C037D /* NewsPageFinalUITests.swift */; };
		BDCB65782A7BEC87009C037D /* NewsPageFinalUITestsLaunchTests.swift in Sources */ = {isa = PBXBuildFile; fileRef = BDCB65772A7BEC87009C037D /* NewsPageFinalUITestsLaunchTests.swift */; };
/* End PBXBuildFile section */

/* Begin PBXContainerItemProxy section */
		BDCB65682A7BEC86009C037D /* PBXContainerItemProxy */ = {
			isa = PBXContainerItemProxy;
			containerPortal = BDCB654F2A7BEC85009C037D /* Project object */;
			proxyType = 1;
			remoteGlobalIDString = BDCB65562A7BEC85009C037D;
			remoteInfo = NewsPageFinal;
		};
		BDCB65722A7BEC87009C037D /* PBXContainerItemProxy */ = {
			isa = PBXContainerItemProxy;
			containerPortal = BDCB654F2A7BEC85009C037D /* Project object */;
			proxyType = 1;
			remoteGlobalIDString = BDCB65562A7BEC85009C037D;
			remoteInfo = NewsPageFinal;
		};
/* End PBXContainerItemProxy section */

/* Begin PBXFileReference section */
		BDCB65572A7BEC85009C037D /* NewsPageFinal.app */ = {isa = PBXFileReference; explicitFileType = wrapper.application; includeInIndex = 0; path = NewsPageFinal.app; sourceTree = BUILT_PRODUCTS_DIR; };
		BDCB655A2A7BEC85009C037D /* NewsPageFinalApp.swift */ = {isa = PBXFileReference; lastKnownFileType = sourcecode.swift; path = NewsPageFinalApp.swift; sourceTree = "<group>"; };
		BDCB655C2A7BEC85009C037D /* ContentView.swift */ = {isa = PBXFileReference; lastKnownFileType = sourcecode.swift; path = ContentView.swift; sourceTree = "<group>"; };
		BDCB655E2A7BEC86009C037D /* Assets.xcassets */ = {isa = PBXFileReference; lastKnownFileType = folder.assetcatalog; path = Assets.xcassets; sourceTree = "<group>"; };
		BDCB65612A7BEC86009C037D /* Preview Assets.xcassets */ = {isa = PBXFileReference; lastKnownFileType = folder.assetcatalog; path = "Preview Assets.xcassets"; sourceTree = "<group>"; };
		BDCB65672A7BEC86009C037D /* NewsPageFinalTests.xctest */ = {isa = PBXFileReference; explicitFileType = wrapper.cfbundle; includeInIndex = 0; path = NewsPageFinalTests.xctest; sourceTree = BUILT_PRODUCTS_DIR; };
		BDCB656B2A7BEC86009C037D /* NewsPageFinalTests.swift */ = {isa = PBXFileReference; lastKnownFileType = sourcecode.swift; path = NewsPageFinalTests.swift; sourceTree = "<group>"; };
		BDCB65712A7BEC87009C037D /* NewsPageFinalUITests.xctest */ = {isa = PBXFileReference; explicitFileType = wrapper.cfbundle; includeInIndex = 0; path = NewsPageFinalUITests.xctest; sourceTree = BUILT_PRODUCTS_DIR; };
		BDCB65752A7BEC87009C037D /* NewsPageFinalUITests.swift */ = {isa = PBXFileReference; lastKnownFileType = sourcecode.swift; path = NewsPageFinalUITests.swift; sourceTree = "<group>"; };
		BDCB65772A7BEC87009C037D /* NewsPageFinalUITestsLaunchTests.swift */ = {isa = PBXFileReference; lastKnownFileType = sourcecode.swift; path = NewsPageFinalUITestsLaunchTests.swift; sourceTree = "<group>"; };
/* End PBXFileReference section */

/* Begin PBXFrameworksBuildPhase section */
		BDCB65542A7BEC85009C037D /* Frameworks */ = {
			isa = PBXFrameworksBuildPhase;
			buildActionMask = 2147483647;
			files = (
			);
			runOnlyForDeploymentPostprocessing = 0;
		};
		BDCB65642A7BEC86009C037D /* Frameworks */ = {
			isa = PBXFrameworksBuildPhase;
			buildActionMask = 2147483647;
			files = (
			);
			runOnlyForDeploymentPostprocessing = 0;
		};
		BDCB656E2A7BEC87009C037D /* Frameworks */ = {
			isa = PBXFrameworksBuildPhase;
			buildActionMask = 2147483647;
			files = (
			);
			runOnlyForDeploymentPostprocessing = 0;
		};
/* End PBXFrameworksBuildPhase section */

/* Begin PBXGroup section */
		BDCB654E2A7BEC85009C037D = {
			isa = PBXGroup;
			children = (
				BDCB65592A7BEC85009C037D /* NewsPageFinal */,
				BDCB656A2A7BEC86009C037D /* NewsPageFinalTests */,
				BDCB65742A7BEC87009C037D /* NewsPageFinalUITests */,
				BDCB65582A7BEC85009C037D /* Products */,
			);
			sourceTree = "<group>";
		};
		BDCB65582A7BEC85009C037D /* Products */ = {
			isa = PBXGroup;
			children = (
				BDCB65572A7BEC85009C037D /* NewsPageFinal.app */,
				BDCB65672A7BEC86009C037D /* NewsPageFinalTests.xctest */,
				BDCB65712A7BEC87009C037D /* NewsPageFinalUITests.xctest */,
			);
			name = Products;
			sourceTree = "<group>";
		};
		BDCB65592A7BEC85009C037D /* NewsPageFinal */ = {
			isa = PBXGroup;
			children = (
				BDCB655A2A7BEC85009C037D /* NewsPageFinalApp.swift */,
				BDCB655C2A7BEC85009C037D /* ContentView.swift */,
				BDCB655E2A7BEC86009C037D /* Assets.xcassets */,
				BDCB65602A7BEC86009C037D /* Preview Content */,
			);
			path = NewsPageFinal;
			sourceTree = "<group>";
		};
		BDCB65602A7BEC86009C037D /* Preview Content */ = {
			isa = PBXGroup;
			children = (
				BDCB65612A7BEC86009C037D /* Preview Assets.xcassets */,
			);
			path = "Preview Content";
			sourceTree = "<group>";
		};
		BDCB656A2A7BEC86009C037D /* NewsPageFinalTests */ = {
			isa = PBXGroup;
			children = (
				BDCB656B2A7BEC86009C037D /* NewsPageFinalTests.swift */,
			);
			path = NewsPageFinalTests;
			sourceTree = "<group>";
		};
		BDCB65742A7BEC87009C037D /* NewsPageFinalUITests */ = {
			isa = PBXGroup;
			children = (
				BDCB65752A7BEC87009C037D /* NewsPageFinalUITests.swift */,
				BDCB65772A7BEC87009C037D /* NewsPageFinalUITestsLaunchTests.swift */,
			);
			path = NewsPageFinalUITests;
			sourceTree = "<group>";
		};
/* End PBXGroup section */

/* Begin PBXNativeTarget section */
		BDCB65562A7BEC85009C037D /* NewsPageFinal */ = {
			isa = PBXNativeTarget;
			buildConfigurationList = BDCB657B2A7BEC87009C037D /* Build configuration list for PBXNativeTarget "NewsPageFinal" */;
			buildPhases = (
				BDCB65532A7BEC85009C037D /* Sources */,
				BDCB65542A7BEC85009C037D /* Frameworks */,
				BDCB65552A7BEC85009C037D /* Resources */,
			);
			buildRules = (
			);
			dependencies = (
			);
			name = NewsPageFinal;
			productName = NewsPageFinal;
			productReference = BDCB65572A7BEC85009C037D /* NewsPageFinal.app */;
			productType = "com.apple.product-type.application";
		};
		BDCB65662A7BEC86009C037D /* NewsPageFinalTests */ = {
			isa = PBXNativeTarget;
			buildConfigurationList = BDCB657E2A7BEC87009C037D /* Build configuration list for PBXNativeTarget "NewsPageFinalTests" */;
			buildPhases = (
				BDCB65632A7BEC86009C037D /* Sources */,
				BDCB65642A7BEC86009C037D /* Frameworks */,
				BDCB65652A7BEC86009C037D /* Resources */,
			);
			buildRules = (
			);
			dependencies = (
				BDCB65692A7BEC86009C037D /* PBXTargetDependency */,
			);
			name = NewsPageFinalTests;
			productName = NewsPageFinalTests;
			productReference = BDCB65672A7BEC86009C037D /* NewsPageFinalTests.xctest */;
			productType = "com.apple.product-type.bundle.unit-test";
		};
		BDCB65702A7BEC87009C037D /* NewsPageFinalUITests */ = {
			isa = PBXNativeTarget;
			buildConfigurationList = BDCB65812A7BEC87009C037D /* Build configuration list for PBXNativeTarget "NewsPageFinalUITests" */;
			buildPhases = (
				BDCB656D2A7BEC87009C037D /* Sources */,
				BDCB656E2A7BEC87009C037D /* Frameworks */,
				BDCB656F2A7BEC87009C037D /* Resources */,
			);
			buildRules = (
			);
			dependencies = (
				BDCB65732A7BEC87009C037D /* PBXTargetDependency */,
			);
			name = NewsPageFinalUITests;
			productName = NewsPageFinalUITests;
			productReference = BDCB65712A7BEC87009C037D /* NewsPageFinalUITests.xctest */;
			productType = "com.apple.product-type.bundle.ui-testing";
		};
/* End PBXNativeTarget section */

/* Begin PBXProject section */
		BDCB654F2A7BEC85009C037D /* Project object */ = {
			isa = PBXProject;
			attributes = {
				BuildIndependentTargetsInParallel = 1;
				LastSwiftUpdateCheck = 1430;
				LastUpgradeCheck = 1430;
				TargetAttributes = {
					BDCB65562A7BEC85009C037D = {
						CreatedOnToolsVersion = 14.3.1;
					};
					BDCB65662A7BEC86009C037D = {
						CreatedOnToolsVersion = 14.3.1;
						TestTargetID = BDCB65562A7BEC85009C037D;
					};
					BDCB65702A7BEC87009C037D = {
						CreatedOnToolsVersion = 14.3.1;
						TestTargetID = BDCB65562A7BEC85009C037D;
					};
				};
			};
			buildConfigurationList = BDCB65522A7BEC85009C037D /* Build configuration list for PBXProject "NewsPageFinal" */;
			compatibilityVersion = "Xcode 14.0";
			developmentRegion = en;
			hasScannedForEncodings = 0;
			knownRegions = (
				en,
				Base,
			);
			mainGroup = BDCB654E2A7BEC85009C037D;
			productRefGroup = BDCB65582A7BEC85009C037D /* Products */;
			projectDirPath = "";
			projectRoot = "";
			targets = (
				BDCB65562A7BEC85009C037D /* NewsPageFinal */,
				BDCB65662A7BEC86009C037D /* NewsPageFinalTests */,
				BDCB65702A7BEC87009C037D /* NewsPageFinalUITests */,
			);
		};
/* End PBXProject section */

/* Begin PBXResourcesBuildPhase section */
		BDCB65552A7BEC85009C037D /* Resources */ = {
			isa = PBXResourcesBuildPhase;
			buildActionMask = 2147483647;
			files = (
				BDCB65622A7BEC86009C037D /* Preview Assets.xcassets in Resources */,
				BDCB655F2A7BEC86009C037D /* Assets.xcassets in Resources */,
			);
			runOnlyForDeploymentPostprocessing = 0;
		};
		BDCB65652A7BEC86009C037D /* Resources */ = {
			isa = PBXResourcesBuildPhase;
			buildActionMask = 2147483647;
			files = (
			);
			runOnlyForDeploymentPostprocessing = 0;
		};
		BDCB656F2A7BEC87009C037D /* Resources */ = {
			isa = PBXResourcesBuildPhase;
			buildActionMask = 2147483647;
			files = (
			);
			runOnlyForDeploymentPostprocessing = 0;
		};
/* End PBXResourcesBuildPhase section */

/* Begin PBXSourcesBuildPhase section */
		BDCB65532A7BEC85009C037D /* Sources */ = {
			isa = PBXSourcesBuildPhase;
			buildActionMask = 2147483647;
			files = (
				BDCB655D2A7BEC85009C037D /* ContentView.swift in Sources */,
				BDCB655B2A7BEC85009C037D /* NewsPageFinalApp.swift in Sources */,
			);
			runOnlyForDeploymentPostprocessing = 0;
		};
		BDCB65632A7BEC86009C037D /* Sources */ = {
			isa = PBXSourcesBuildPhase;
			buildActionMask = 2147483647;
			files = (
				BDCB656C2A7BEC86009C037D /* NewsPageFinalTests.swift in Sources */,
			);
			runOnlyForDeploymentPostprocessing = 0;
		};
		BDCB656D2A7BEC87009C037D /* Sources */ = {
			isa = PBXSourcesBuildPhase;
			buildActionMask = 2147483647;
			files = (
				BDCB65762A7BEC87009C037D /* NewsPageFinalUITests.swift in Sources */,
				BDCB65782A7BEC87009C037D /* NewsPageFinalUITestsLaunchTests.swift in Sources */,
			);
			runOnlyForDeploymentPostprocessing = 0;
		};
/* End PBXSourcesBuildPhase section */

/* Begin PBXTargetDependency section */
		BDCB65692A7BEC86009C037D /* PBXTargetDependency */ = {
			isa = PBXTargetDependency;
			target = BDCB65562A7BEC85009C037D /* NewsPageFinal */;
			targetProxy = BDCB65682A7BEC86009C037D /* PBXContainerItemProxy */;
		};
		BDCB65732A7BEC87009C037D /* PBXTargetDependency */ = {
			isa = PBXTargetDependency;
			target = BDCB65562A7BEC85009C037D /* NewsPageFinal */;
			targetProxy = BDCB65722A7BEC87009C037D /* PBXContainerItemProxy */;
		};
/* End PBXTargetDependency section */

/* Begin XCBuildConfiguration section */
		BDCB65792A7BEC87009C037D /* Debug */ = {
			isa = XCBuildConfiguration;
			buildSettings = {
				ALWAYS_SEARCH_USER_PATHS = NO;
				CLANG_ANALYZER_NONNULL = YES;
				CLANG_ANALYZER_NUMBER_OBJECT_CONVERSION = YES_AGGRESSIVE;
				CLANG_CXX_LANGUAGE_STANDARD = "gnu++20";
				CLANG_ENABLE_MODULES = YES;
				CLANG_ENABLE_OBJC_ARC = YES;
				CLANG_ENABLE_OBJC_WEAK = YES;
				CLANG_WARN_BLOCK_CAPTURE_AUTORELEASING = YES;
				CLANG_WARN_BOOL_CONVERSION = YES;
				CLANG_WARN_COMMA = YES;
				CLANG_WARN_CONSTANT_CONVERSION = YES;
				CLANG_WARN_DEPRECATED_OBJC_IMPLEMENTATIONS = YES;
				CLANG_WARN_DIRECT_OBJC_ISA_USAGE = YES_ERROR;
				CLANG_WARN_DOCUMENTATION_COMMENTS = YES;
				CLANG_WARN_EMPTY_BODY = YES;
				CLANG_WARN_ENUM_CONVERSION = YES;
				CLANG_WARN_INFINITE_RECURSION = YES;
				CLANG_WARN_INT_CONVERSION = YES;
				CLANG_WARN_NON_LITERAL_NULL_CONVERSION = YES;
				CLANG_WARN_OBJC_IMPLICIT_RETAIN_SELF = YES;
				CLANG_WARN_OBJC_LITERAL_CONVERSION = YES;
				CLANG_WARN_OBJC_ROOT_CLASS = YES_ERROR;
				CLANG_WARN_QUOTED_INCLUDE_IN_FRAMEWORK_HEADER = YES;
				CLANG_WARN_RANGE_LOOP_ANALYSIS = YES;
				CLANG_WARN_STRICT_PROTOTYPES = YES;
				CLANG_WARN_SUSPICIOUS_MOVE = YES;
				CLANG_WARN_UNGUARDED_AVAILABILITY = YES_AGGRESSIVE;
				CLANG_WARN_UNREACHABLE_CODE = YES;
				CLANG_WARN__DUPLICATE_METHOD_MATCH = YES;
				COPY_PHASE_STRIP = NO;
				DEBUG_INFORMATION_FORMAT = dwarf;
				ENABLE_STRICT_OBJC_MSGSEND = YES;
				ENABLE_TESTABILITY = YES;
				GCC_C_LANGUAGE_STANDARD = gnu11;
				GCC_DYNAMIC_NO_PIC = NO;
				GCC_NO_COMMON_BLOCKS = YES;
				GCC_OPTIMIZATION_LEVEL = 0;
				GCC_PREPROCESSOR_DEFINITIONS = (
					"DEBUG=1",
					"$(inherited)",
				);
				GCC_WARN_64_TO_32_BIT_CONVERSION = YES;
				GCC_WARN_ABOUT_RETURN_TYPE = YES_ERROR;
				GCC_WARN_UNDECLARED_SELECTOR = YES;
				GCC_WARN_UNINITIALIZED_AUTOS = YES_AGGRESSIVE;
				GCC_WARN_UNUSED_FUNCTION = YES;
				GCC_WARN_UNUSED_VARIABLE = YES;
				IPHONEOS_DEPLOYMENT_TARGET = 16.4;
				MTL_ENABLE_DEBUG_INFO = INCLUDE_SOURCE;
				MTL_FAST_MATH = YES;
				ONLY_ACTIVE_ARCH = YES;
				SDKROOT = iphoneos;
				SWIFT_ACTIVE_COMPILATION_CONDITIONS = DEBUG;
				SWIFT_OPTIMIZATION_LEVEL = "-Onone";
			};
			name = Debug;
		};
		BDCB657A2A7BEC87009C037D /* Release */ = {
			isa = XCBuildConfiguration;
			buildSettings = {
				ALWAYS_SEARCH_USER_PATHS = NO;
				CLANG_ANALYZER_NONNULL = YES;
				CLANG_ANALYZER_NUMBER_OBJECT_CONVERSION = YES_AGGRESSIVE;
				CLANG_CXX_LANGUAGE_STANDARD = "gnu++20";
				CLANG_ENABLE_MODULES = YES;
				CLANG_ENABLE_OBJC_ARC = YES;
				CLANG_ENABLE_OBJC_WEAK = YES;
				CLANG_WARN_BLOCK_CAPTURE_AUTORELEASING = YES;
				CLANG_WARN_BOOL_CONVERSION = YES;
				CLANG_WARN_COMMA = YES;
				CLANG_WARN_CONSTANT_CONVERSION = YES;
				CLANG_WARN_DEPRECATED_OBJC_IMPLEMENTATIONS = YES;
				CLANG_WARN_DIRECT_OBJC_ISA_USAGE = YES_ERROR;
				CLANG_WARN_DOCUMENTATION_COMMENTS = YES;
				CLANG_WARN_EMPTY_BODY = YES;
				CLANG_WARN_ENUM_CONVERSION = YES;
				CLANG_WARN_INFINITE_RECURSION = YES;
				CLANG_WARN_INT_CONVERSION = YES;
				CLANG_WARN_NON_LITERAL_NULL_CONVERSION = YES;
				CLANG_WARN_OBJC_IMPLICIT_RETAIN_SELF = YES;
				CLANG_WARN_OBJC_LITERAL_CONVERSION = YES;
				CLANG_WARN_OBJC_ROOT_CLASS = YES_ERROR;
				CLANG_WARN_QUOTED_INCLUDE_IN_FRAMEWORK_HEADER = YES;
				CLANG_WARN_RANGE_LOOP_ANALYSIS = YES;
				CLANG_WARN_STRICT_PROTOTYPES = YES;
				CLANG_WARN_SUSPICIOUS_MOVE = YES;
				CLANG_WARN_UNGUARDED_AVAILABILITY = YES_AGGRESSIVE;
				CLANG_WARN_UNREACHABLE_CODE = YES;
				CLANG_WARN__DUPLICATE_METHOD_MATCH = YES;
				COPY_PHASE_STRIP = NO;
				DEBUG_INFORMATION_FORMAT = "dwarf-with-dsym";
				ENABLE_NS_ASSERTIONS = NO;
				ENABLE_STRICT_OBJC_MSGSEND = YES;
				GCC_C_LANGUAGE_STANDARD = gnu11;
				GCC_NO_COMMON_BLOCKS = YES;
				GCC_WARN_64_TO_32_BIT_CONVERSION = YES;
				GCC_WARN_ABOUT_RETURN_TYPE = YES_ERROR;
				GCC_WARN_UNDECLARED_SELECTOR = YES;
				GCC_WARN_UNINITIALIZED_AUTOS = YES_AGGRESSIVE;
				GCC_WARN_UNUSED_FUNCTION = YES;
				GCC_WARN_UNUSED_VARIABLE = YES;
				IPHONEOS_DEPLOYMENT_TARGET = 16.4;
				MTL_ENABLE_DEBUG_INFO = NO;
				MTL_FAST_MATH = YES;
				SDKROOT = iphoneos;
				SWIFT_COMPILATION_MODE = wholemodule;
				SWIFT_OPTIMIZATION_LEVEL = "-O";
				VALIDATE_PRODUCT = YES;
			};
			name = Release;
		};
		BDCB657C2A7BEC87009C037D /* Debug */ = {
			isa = XCBuildConfiguration;
			buildSettings = {
				ASSETCATALOG_COMPILER_APPICON_NAME = AppIcon;
				ASSETCATALOG_COMPILER_GLOBAL_ACCENT_COLOR_NAME = AccentColor;
				CODE_SIGN_STYLE = Automatic;
				CURRENT_PROJECT_VERSION = 1;
				DEVELOPMENT_ASSET_PATHS = "\"NewsPageFinal/Preview Content\"";
				ENABLE_PREVIEWS = YES;
				GENERATE_INFOPLIST_FILE = YES;
				INFOPLIST_KEY_UIApplicationSceneManifest_Generation = YES;
				INFOPLIST_KEY_UIApplicationSupportsIndirectInputEvents = YES;
				INFOPLIST_KEY_UILaunchScreen_Generation = YES;
				INFOPLIST_KEY_UISupportedInterfaceOrientations_iPad = "UIInterfaceOrientationPortrait UIInterfaceOrientationPortraitUpsideDown UIInterfaceOrientationLandscapeLeft UIInterfaceOrientationLandscapeRight";
				INFOPLIST_KEY_UISupportedInterfaceOrientations_iPhone = "UIInterfaceOrientationPortrait UIInterfaceOrientationLandscapeLeft UIInterfaceOrientationLandscapeRight";
				LD_RUNPATH_SEARCH_PATHS = (
					"$(inherited)",
					"@executable_path/Frameworks",
				);
				MARKETING_VERSION = 1.0;
				PRODUCT_BUNDLE_IDENTIFIER = KWK.NewsPageFinal;
				PRODUCT_NAME = "$(TARGET_NAME)";
				SWIFT_EMIT_LOC_STRINGS = YES;
				SWIFT_VERSION = 5.0;
				TARGETED_DEVICE_FAMILY = "1,2";
			};
			name = Debug;
		};
		BDCB657D2A7BEC87009C037D /* Release */ = {
			isa = XCBuildConfiguration;
			buildSettings = {
				ASSETCATALOG_COMPILER_APPICON_NAME = AppIcon;
				ASSETCATALOG_COMPILER_GLOBAL_ACCENT_COLOR_NAME = AccentColor;
				CODE_SIGN_STYLE = Automatic;
				CURRENT_PROJECT_VERSION = 1;
				DEVELOPMENT_ASSET_PATHS = "\"NewsPageFinal/Preview Content\"";
				ENABLE_PREVIEWS = YES;
				GENERATE_INFOPLIST_FILE = YES;
				INFOPLIST_KEY_UIApplicationSceneManifest_Generation = YES;
				INFOPLIST_KEY_UIApplicationSupportsIndirectInputEvents = YES;
				INFOPLIST_KEY_UILaunchScreen_Generation = YES;
				INFOPLIST_KEY_UISupportedInterfaceOrientations_iPad = "UIInterfaceOrientationPortrait UIInterfaceOrientationPortraitUpsideDown UIInterfaceOrientationLandscapeLeft UIInterfaceOrientationLandscapeRight";
				INFOPLIST_KEY_UISupportedInterfaceOrientations_iPhone = "UIInterfaceOrientationPortrait UIInterfaceOrientationLandscapeLeft UIInterfaceOrientationLandscapeRight";
				LD_RUNPATH_SEARCH_PATHS = (
					"$(inherited)",
					"@executable_path/Frameworks",
				);
				MARKETING_VERSION = 1.0;
				PRODUCT_BUNDLE_IDENTIFIER = KWK.NewsPageFinal;
				PRODUCT_NAME = "$(TARGET_NAME)";
				SWIFT_EMIT_LOC_STRINGS = YES;
				SWIFT_VERSION = 5.0;
				TARGETED_DEVICE_FAMILY = "1,2";
			};
			name = Release;
		};
		BDCB657F2A7BEC87009C037D /* Debug */ = {
			isa = XCBuildConfiguration;
			buildSettings = {
				ALWAYS_EMBED_SWIFT_STANDARD_LIBRARIES = YES;
				BUNDLE_LOADER = "$(TEST_HOST)";
				CODE_SIGN_STYLE = Automatic;
				CURRENT_PROJECT_VERSION = 1;
				GENERATE_INFOPLIST_FILE = YES;
				IPHONEOS_DEPLOYMENT_TARGET = 16.4;
				MARKETING_VERSION = 1.0;
				PRODUCT_BUNDLE_IDENTIFIER = KWK.NewsPageFinalTests;
				PRODUCT_NAME = "$(TARGET_NAME)";
				SWIFT_EMIT_LOC_STRINGS = NO;
				SWIFT_VERSION = 5.0;
				TARGETED_DEVICE_FAMILY = "1,2";
				TEST_HOST = "$(BUILT_PRODUCTS_DIR)/NewsPageFinal.app/$(BUNDLE_EXECUTABLE_FOLDER_PATH)/NewsPageFinal";
			};
			name = Debug;
		};
		BDCB65802A7BEC87009C037D /* Release */ = {
			isa = XCBuildConfiguration;
			buildSettings = {
				ALWAYS_EMBED_SWIFT_STANDARD_LIBRARIES = YES;
				BUNDLE_LOADER = "$(TEST_HOST)";
				CODE_SIGN_STYLE = Automatic;
				CURRENT_PROJECT_VERSION = 1;
				GENERATE_INFOPLIST_FILE = YES;
				IPHONEOS_DEPLOYMENT_TARGET = 16.4;
				MARKETING_VERSION = 1.0;
				PRODUCT_BUNDLE_IDENTIFIER = KWK.NewsPageFinalTests;
				PRODUCT_NAME = "$(TARGET_NAME)";
				SWIFT_EMIT_LOC_STRINGS = NO;
				SWIFT_VERSION = 5.0;
				TARGETED_DEVICE_FAMILY = "1,2";
				TEST_HOST = "$(BUILT_PRODUCTS_DIR)/NewsPageFinal.app/$(BUNDLE_EXECUTABLE_FOLDER_PATH)/NewsPageFinal";
			};
			name = Release;
		};
		BDCB65822A7BEC87009C037D /* Debug */ = {
			isa = XCBuildConfiguration;
			buildSettings = {
				ALWAYS_EMBED_SWIFT_STANDARD_LIBRARIES = YES;
				CODE_SIGN_STYLE = Automatic;
				CURRENT_PROJECT_VERSION = 1;
				GENERATE_INFOPLIST_FILE = YES;
				MARKETING_VERSION = 1.0;
				PRODUCT_BUNDLE_IDENTIFIER = KWK.NewsPageFinalUITests;
				PRODUCT_NAME = "$(TARGET_NAME)";
				SWIFT_EMIT_LOC_STRINGS = NO;
				SWIFT_VERSION = 5.0;
				TARGETED_DEVICE_FAMILY = "1,2";
				TEST_TARGET_NAME = NewsPageFinal;
			};
			name = Debug;
		};
		BDCB65832A7BEC87009C037D /* Release */ = {
			isa = XCBuildConfiguration;
			buildSettings = {
				ALWAYS_EMBED_SWIFT_STANDARD_LIBRARIES = YES;
				CODE_SIGN_STYLE = Automatic;
				CURRENT_PROJECT_VERSION = 1;
				GENERATE_INFOPLIST_FILE = YES;
				MARKETING_VERSION = 1.0;
				PRODUCT_BUNDLE_IDENTIFIER = KWK.NewsPageFinalUITests;
				PRODUCT_NAME = "$(TARGET_NAME)";
				SWIFT_EMIT_LOC_STRINGS = NO;
				SWIFT_VERSION = 5.0;
				TARGETED_DEVICE_FAMILY = "1,2";
				TEST_TARGET_NAME = NewsPageFinal;
			};
			name = Release;
		};
/* End XCBuildConfiguration section */

/* Begin XCConfigurationList section */
		BDCB65522A7BEC85009C037D /* Build configuration list for PBXProject "NewsPageFinal" */ = {
			isa = XCConfigurationList;
			buildConfigurations = (
				BDCB65792A7BEC87009C037D /* Debug */,
				BDCB657A2A7BEC87009C037D /* Release */,
			);
			defaultConfigurationIsVisible = 0;
			defaultConfigurationName = Release;
		};
		BDCB657B2A7BEC87009C037D /* Build configuration list for PBXNativeTarget "NewsPageFinal" */ = {
			isa = XCConfigurationList;
			buildConfigurations = (
				BDCB657C2A7BEC87009C037D /* Debug */,
				BDCB657D2A7BEC87009C037D /* Release */,
			);
			defaultConfigurationIsVisible = 0;
			defaultConfigurationName = Release;
		};
		BDCB657E2A7BEC87009C037D /* Build configuration list for PBXNativeTarget "NewsPageFinalTests" */ = {
			isa = XCConfigurationList;
			buildConfigurations = (
				BDCB657F2A7BEC87009C037D /* Debug */,
				BDCB65802A7BEC87009C037D /* Release */,
			);
			defaultConfigurationIsVisible = 0;
			defaultConfigurationName = Release;
		};
		BDCB65812A7BEC87009C037D /* Build configuration list for PBXNativeTarget "NewsPageFinalUITests" */ = {
			isa = XCConfigurationList;
			buildConfigurations = (
				BDCB65822A7BEC87009C037D /* Debug */,
				BDCB65832A7BEC87009C037D /* Release */,
			);
			defaultConfigurationIsVisible = 0;
			defaultConfigurationName = Release;
		};
/* End XCConfigurationList section */
	};
	rootObject = BDCB654F2A7BEC85009C037D /* Project object */;
}
